github.com/egovorukhin/egotimer v0.0.2 h1:ST7VymxuvnE50gkaKv+yfjNonnoGmpGhSDJmto+QKRI=
github.com/egovorukhin/egotimer v0.0.2/go.mod h1:ruG9dw+XlcRsIREc5b+erZNM+Hu+gQ7e8DcYwrYt1Lc=
github.com/google/uuid v1.2.0 h1:qJYtXnJRWmpe7m/3XlyhrsLrEURqHRM2kxzoxXqyUDs=
github.com/google/uuid v1.2.0/go.mod h1:TIyPZe4MgqvfeYDBFedMoGGpEw/LqOeaOT+nhxU+yHo=
